
Microsoft Visual Studio Solution File, Format Version 12.00
# Visual Studio 15
VisualStudioVersion = 15.0.26124.0
MinimumVisualStudioVersion = 15.0.26124.0
Project("{2150E333-8FDC-42A3-9474-1A3956D46DE8}") = "src", "src", "{3618435E-4550-40A5-AA9F-0A7CBE0DB27C}"
EndProject
Project("{FAE04EC0-301F-11D3-BF4B-00C04F79EFBC}") = "SpanJson.FSharp.Formatter", "src\SpanJson.FSharp.Formatter\SpanJson.FSharp.Formatter.csproj", "{43A4D6A1-6C2B-4071-81C8-8199373780FB}"
EndProject
Project("{2150E333-8FDC-42A3-9474-1A3956D46DE8}") = "tests", "tests", "{32327A85-5F3D-4E2C-AE7F-5F1CF13FBD58}"
EndProject
Project("{F2A71F9B-5D33-465A-A702-920D77279786}") = "SpanJson.FSharp.Formatter.Tests", "tests\SpanJson.FSharp.Formatter.Tests\SpanJson.FSharp.Formatter.Tests.fsproj", "{C24EB9D1-F7A2-4D3F-B7D2-227631711280}"
EndProject
Global
	GlobalSection(SolutionConfigurationPlatforms) = preSolution
		Debug|Any CPU = Debug|Any CPU
		Debug|x64 = Debug|x64
		Debug|x86 = Debug|x86
		Release|Any CPU = Release|Any CPU
		Release|x64 = Release|x64
		Release|x86 = Release|x86
	EndGlobalSection
	GlobalSection(SolutionProperties) = preSolution
		HideSolutionNode = FALSE
	EndGlobalSection
	GlobalSection(ProjectConfigurationPlatforms) = postSolution
		{43A4D6A1-6C2B-4071-81C8-8199373780FB}.Debug|Any CPU.ActiveCfg = Debug|Any CPU
		{43A4D6A1-6C2B-4071-81C8-8199373780FB}.Debug|Any CPU.Build.0 = Debug|Any CPU
		{43A4D6A1-6C2B-4071-81C8-8199373780FB}.Debug|x64.ActiveCfg = Debug|Any CPU
		{43A4D6A1-6C2B-4071-81C8-8199373780FB}.Debug|x64.Build.0 = Debug|Any CPU
		{43A4D6A1-6C2B-4071-81C8-8199373780FB}.Debug|x86.ActiveCfg = Debug|Any CPU
		{43A4D6A1-6C2B-4071-81C8-8199373780FB}.Debug|x86.Build.0 = Debug|Any CPU
		{43A4D6A1-6C2B-4071-81C8-8199373780FB}.Release|Any CPU.ActiveCfg = Release|Any CPU
		{43A4D6A1-6C2B-4071-81C8-8199373780FB}.Release|Any CPU.Build.0 = Release|Any CPU
		{43A4D6A1-6C2B-4071-81C8-8199373780FB}.Release|x64.ActiveCfg = Release|Any CPU
		{43A4D6A1-6C2B-4071-81C8-8199373780FB}.Release|x64.Build.0 = Release|Any CPU
		{43A4D6A1-6C2B-4071-81C8-8199373780FB}.Release|x86.ActiveCfg = Release|Any CPU
		{43A4D6A1-6C2B-4071-81C8-8199373780FB}.Release|x86.Build.0 = Release|Any CPU
		{C24EB9D1-F7A2-4D3F-B7D2-227631711280}.Debug|Any CPU.ActiveCfg = Debug|Any CPU
		{C24EB9D1-F7A2-4D3F-B7D2-227631711280}.Debug|Any CPU.Build.0 = Debug|Any CPU
		{C24EB9D1-F7A2-4D3F-B7D2-227631711280}.Debug|x64.ActiveCfg = Debug|Any CPU
		{C24EB9D1-F7A2-4D3F-B7D2-227631711280}.Debug|x64.Build.0 = Debug|Any CPU
		{C24EB9D1-F7A2-4D3F-B7D2-227631711280}.Debug|x86.ActiveCfg = Debug|Any CPU
		{C24EB9D1-F7A2-4D3F-B7D2-227631711280}.Debug|x86.Build.0 = Debug|Any CPU
		{C24EB9D1-F7A2-4D3F-B7D2-227631711280}.Release|Any CPU.ActiveCfg = Release|Any CPU
		{C24EB9D1-F7A2-4D3F-B7D2-227631711280}.Release|Any CPU.Build.0 = Release|Any CPU
		{C24EB9D1-F7A2-4D3F-B7D2-227631711280}.Release|x64.ActiveCfg = Release|Any CPU
		{C24EB9D1-F7A2-4D3F-B7D2-227631711280}.Release|x64.Build.0 = Release|Any CPU
		{C24EB9D1-F7A2-4D3F-B7D2-227631711280}.Release|x86.ActiveCfg = Release|Any CPU
		{C24EB9D1-F7A2-4D3F-B7D2-227631711280}.Release|x86.Build.0 = Release|Any CPU
	EndGlobalSection
	GlobalSection(NestedProjects) = preSolution
		{43A4D6A1-6C2B-4071-81C8-8199373780FB} = {3618435E-4550-40A5-AA9F-0A7CBE0DB27C}
		{C24EB9D1-F7A2-4D3F-B7D2-227631711280} = {32327A85-5F3D-4E2C-AE7F-5F1CF13FBD58}
	EndGlobalSection
EndGlobal
